
Microsoft Visual Studio Solution File, Format Version 12.00
# Visual Studio Version 16
VisualStudioVersion = 16.0.29201.188
MinimumVisualStudioVersion = 10.0.40219.1
Project("{9A19103F-16F7-4668-BE54-9A1E7A4F7556}") = "Denggaopan.Snowflake", "Denggaopan.Snowflake\Denggaopan.Snowflake.csproj", "{4F53A2B8-8EEE-421C-A1F4-C5AC31185770}"
EndProject
Project("{9A19103F-16F7-4668-BE54-9A1E7A4F7556}") = "Denggaopan.Snowflake.Demo", "Denggaopan.Snowflake.Demo\Denggaopan.Snowflake.Demo.csproj", "{83CF851D-BF1D-43F7-88E4-84D0FCCD2296}"
EndProject
Project("{9A19103F-16F7-4668-BE54-9A1E7A4F7556}") = "Denggaopan.TinyUrl", "Denggaopan.TinyUrl\Denggaopan.TinyUrl.csproj", "{3885A9C7-E241-42CD-9D02-6943BCDF4A27}"
EndProject
Project("{9A19103F-16F7-4668-BE54-9A1E7A4F7556}") = "Denggaopan.TinyUrl.Demo", "Denggaopan.TinyUrl.Demo\Denggaopan.TinyUrl.Demo.csproj", "{8DFB48BE-9BFD-4348-BEAA-ABE89D62F3FF}"
EndProject
Project("{2150E333-8FDC-42A3-9474-1A3956D46DE8}") = "demos", "demos", "{AA20B851-89AF-4E05-902F-E02A7145C9F0}"
EndProject
Project("{9A19103F-16F7-4668-BE54-9A1E7A4F7556}") = "Denggaopan.Net.Http.Demo", "Denggaopan.Net.Http.Demo\Denggaopan.Net.Http.Demo.csproj", "{4EDDD0BC-154C-44B3-97CC-05CC28AF2C30}"
EndProject
Project("{FAE04EC0-301F-11D3-BF4B-00C04F79EFBC}") = "Denggaopan.PollyDemo", "Denggaopan.PollyDemo\Denggaopan.PollyDemo.csproj", "{486D4659-7DF7-42B8-8950-42CB7C587D58}"
EndProject
Project("{9A19103F-16F7-4668-BE54-9A1E7A4F7556}") = "Denggaopan.TextJsonUnitTest", "Denggaopan.TextJsonUnitTest\Denggaopan.TextJsonUnitTest.csproj", "{12164266-06B9-478E-BA1C-097E8497E11E}"
EndProject
Project("{9A19103F-16F7-4668-BE54-9A1E7A4F7556}") = "Denggaopan.ThreeclssBusinessConfigDemo", "Denggaopan.ThreeclssBusinessConfigDemo\Denggaopan.ThreeclssBusinessConfigDemo.csproj", "{BC014997-1D4F-4781-9B7D-1C3245A97578}"
EndProject
Project("{9A19103F-16F7-4668-BE54-9A1E7A4F7556}") = "Denggaopan.LocalizationDemo", "Denggaopan.LocalizationDemo\Denggaopan.LocalizationDemo.csproj", "{CCBE1D14-F8C3-4E63-B20B-82E4314DA00E}"
EndProject
Project("{FAE04EC0-301F-11D3-BF4B-00C04F79EFBC}") = "Denggaopan.DapperDemo", "Denggaopan.DapperDemo\Denggaopan.DapperDemo.csproj", "{0ABA0F7C-B89B-42E2-805E-155E72DE2D4E}"
EndProject
Project("{9A19103F-16F7-4668-BE54-9A1E7A4F7556}") = "Denggaopan.GraphqlDemo", "Denggaopan.GraphqlDemo\Denggaopan.GraphqlDemo.csproj", "{F313761B-7B82-48D6-BD16-1984A8B35127}"
EndProject
Project("{9A19103F-16F7-4668-BE54-9A1E7A4F7556}") = "Denggaopan.ThreeclssSignGen", "Denggaopan.ThreeclssSignGen\Denggaopan.ThreeclssSignGen.csproj", "{EF2642AD-EB85-442D-99C6-248921FEDDD9}"
EndProject
Project("{9A19103F-16F7-4668-BE54-9A1E7A4F7556}") = "Denggaopan.ApolloNetCoreDemo", "Denggaopan.ApolloNetCoreDemo\Denggaopan.ApolloNetCoreDemo.csproj", "{46582BD1-3F50-4F25-85F5-CC9887CBA347}"
EndProject
Project("{FAE04EC0-301F-11D3-BF4B-00C04F79EFBC}") = "Denggaopan.ApolloNet461Demo", "Denggaopan.ApolloNet461Demo\Denggaopan.ApolloNet461Demo.csproj", "{E1C22015-BB66-4DE3-9B4C-9C105579FB4E}"
EndProject
Project("{2150E333-8FDC-42A3-9474-1A3956D46DE8}") = "apollodemo", "apollodemo", "{F78BB938-8EE2-4E89-ABB9-55FA159CAC6A}"
EndProject
Project("{FAE04EC0-301F-11D3-BF4B-00C04F79EFBC}") = "Denggaopan.ApolloAspNetDemo", "Denggaopan.ApolloAspNetDemo\Denggaopan.ApolloAspNetDemo.csproj", "{2BB4FC46-5B09-49BD-B8D0-B55DD726829E}"
EndProject
Project("{9A19103F-16F7-4668-BE54-9A1E7A4F7556}") = "Denggaopan.ApolloAspNetCoreDemo", "Denggaopan.ApolloAspNetCoreDemo\Denggaopan.ApolloAspNetCoreDemo.csproj", "{87F171EE-4729-438E-8E7F-B8D5DE86CEF1}"
EndProject
Project("{9A19103F-16F7-4668-BE54-9A1E7A4F7556}") = "Denggaopan.ApolloOpenApiDemo", "Denggaopan.ApolloOpenApiDemo\Denggaopan.ApolloOpenApiDemo.csproj", "{7B99C6DC-8217-4725-8C26-2DC84C9BB88D}"
EndProject
Project("{9A19103F-16F7-4668-BE54-9A1E7A4F7556}") = "Denggaopan.VersioningDemo", "Denggaopan.VersioningDemo\Denggaopan.VersioningDemo.csproj", "{35CD6E1F-5910-4523-8F28-E99D80BE9265}"
EndProject
Project("{9A19103F-16F7-4668-BE54-9A1E7A4F7556}") = "ConsoleApp1", "ConsoleApp1\ConsoleApp1.csproj", "{090486B7-CAD4-4903-A9C9-CCE7BCD3C594}"
EndProject
Project("{2150E333-8FDC-42A3-9474-1A3956D46DE8}") = "WebApiClientDemo", "WebApiClientDemo", "{B2FE4574-4881-4FF9-B89F-BEAFC94D57A3}"
EndProject
Project("{9A19103F-16F7-4668-BE54-9A1E7A4F7556}") = "Denggaopan.WebApiClient.AService", "Denggaopan.WebApiClient.AService\Denggaopan.WebApiClient.AService.csproj", "{05A6D591-4976-4E59-80E1-4A7A7A077E80}"
EndProject
Project("{9A19103F-16F7-4668-BE54-9A1E7A4F7556}") = "Denggaopan.WebApiClient.BService", "Denggaopan.WebApiClient.BService\Denggaopan.WebApiClient.BService.csproj", "{9AEDF402-2B53-419C-959F-79B34A82233D}"
EndProject
Project("{9A19103F-16F7-4668-BE54-9A1E7A4F7556}") = "Denggaopan.WebApiClient.AService.Client", "Denggaopan.WebApiClient.AService.Client\Denggaopan.WebApiClient.AService.Client.csproj", "{B15134A6-5551-447B-908A-DAC91A462C76}"
EndProject
Project("{9A19103F-16F7-4668-BE54-9A1E7A4F7556}") = "WebApplication1", "WebApplication1\WebApplication1.csproj", "{8FC80DC1-62AD-4011-95B5-6AE2AFEC2CDE}"
EndProject
Project("{FAE04EC0-301F-11D3-BF4B-00C04F79EFBC}") = "FormRequest", "FormRequest\FormRequest.csproj", "{9DD78ABD-A4C5-4E19-AF0A-C7BDD751DDD9}"
EndProject
Project("{FAE04EC0-301F-11D3-BF4B-00C04F79EFBC}") = "Denggaopan.FreeSqlDemo", "Denggaopan.FreeSqlDemo\Denggaopan.FreeSqlDemo.csproj", "{C090A1DD-6221-42F2-AB6B-EFC05F1B2FAD}"
EndProject
Project("{9A19103F-16F7-4668-BE54-9A1E7A4F7556}") = "Denggaopan.K8sConfigMapDemo", "Denggaopan.K8sConfigMapDemo\Denggaopan.K8sConfigMapDemo.csproj", "{8A41E896-BFB1-41DF-B381-76EBA3B26F4B}"
EndProject
Project("{9A19103F-16F7-4668-BE54-9A1E7A4F7556}") = "Kubernetes1", "Kubernetes1\Kubernetes1.csproj", "{97202903-1443-471E-B9C2-97386BEF4BD3}"
EndProject
Project("{9A19103F-16F7-4668-BE54-9A1E7A4F7556}") = "Denggaopan.OpenApi", "Denggaopan.OpenApi\Denggaopan.OpenApi.csproj", "{96A14458-4CD7-417C-9168-B4ECA5E21605}"
EndProject
Project("{9A19103F-16F7-4668-BE54-9A1E7A4F7556}") = "Denggaopan.UidGeneratorDemo", "Denggaopan.UidGeneratorDemo\Denggaopan.UidGeneratorDemo.csproj", "{2FB994AD-2E20-4D06-8726-B93EC72CAB34}"
EndProject
Project("{9A19103F-16F7-4668-BE54-9A1E7A4F7556}") = "Denggaopan.UidGenerator", "Denggaopan.UidGenerator\Denggaopan.UidGenerator.csproj", "{EDCF3BAE-0DEB-440B-A9CD-C115D3BF7BBC}"
EndProject
Project("{9A19103F-16F7-4668-BE54-9A1E7A4F7556}") = "Denggaopan.Serilog.ConsoleDemo", "Denggaopan.Serilog.ConsoleDemo\Denggaopan.Serilog.ConsoleDemo.csproj", "{17BAEF59-AFE1-4B51-9AA9-D1B542641AD2}"
EndProject
Project("{9A19103F-16F7-4668-BE54-9A1E7A4F7556}") = "Denggaopan.Oss", "Denggaopan.Oss\Denggaopan.Oss.csproj", "{5AD40C17-0F35-49F5-820E-7C857202DCD9}"
EndProject
Project("{9A19103F-16F7-4668-BE54-9A1E7A4F7556}") = "Denggaopan.Helpers", "Denggaopan.Helpers\Denggaopan.Helpers.csproj", "{6DBECD00-48CB-41D9-8D8D-1EB904C3825E}"
EndProject
Project("{9A19103F-16F7-4668-BE54-9A1E7A4F7556}") = "Denggaopan.RabbitMq", "Denggaopan.RabbitMq\Denggaopan.RabbitMq.csproj", "{1A8B4665-107C-4BA2-A522-C90E57E7A6E0}"
EndProject
Project("{2150E333-8FDC-42A3-9474-1A3956D46DE8}") = "sdks", "sdks", "{E56BAFE4-F1CC-4CF5-B3C5-A50EE070AF05}"
EndProject
Project("{9A19103F-16F7-4668-BE54-9A1E7A4F7556}") = "Denggaopan.Zip", "Denggaopan.Zip\Denggaopan.Zip.csproj", "{658B139B-06FB-4D0A-A9B5-FC1D8ABFA315}"
EndProject
Project("{9A19103F-16F7-4668-BE54-9A1E7A4F7556}") = "Denggaopan.Npoi", "Denggaopan.Npoi\Denggaopan.Npoi.csproj", "{71619B7A-8346-4D86-9F32-7769F8A7AA2A}"
EndProject
Project("{9A19103F-16F7-4668-BE54-9A1E7A4F7556}") = "Denggaopan.QrCode", "Denggaopan.QrCode\Denggaopan.QrCode.csproj", "{69EF6EE5-3213-43F1-BDFE-39E160969467}"
EndProject
Project("{FAE04EC0-301F-11D3-BF4B-00C04F79EFBC}") = "Denggaopan.Redis", "Denggaopan.Redis\Denggaopan.Redis.csproj", "{6924414D-FBE0-48FB-A3B2-F651D2B1F769}"
EndProject
Global
	GlobalSection(SolutionConfigurationPlatforms) = preSolution
		Debug|Any CPU = Debug|Any CPU
		Release|Any CPU = Release|Any CPU
	EndGlobalSection
	GlobalSection(ProjectConfigurationPlatforms) = postSolution
		{4F53A2B8-8EEE-421C-A1F4-C5AC31185770}.Debug|Any CPU.ActiveCfg = Debug|Any CPU
		{4F53A2B8-8EEE-421C-A1F4-C5AC31185770}.Debug|Any CPU.Build.0 = Debug|Any CPU
		{4F53A2B8-8EEE-421C-A1F4-C5AC31185770}.Release|Any CPU.ActiveCfg = Release|Any CPU
		{4F53A2B8-8EEE-421C-A1F4-C5AC31185770}.Release|Any CPU.Build.0 = Release|Any CPU
		{83CF851D-BF1D-43F7-88E4-84D0FCCD2296}.Debug|Any CPU.ActiveCfg = Debug|Any CPU
		{83CF851D-BF1D-43F7-88E4-84D0FCCD2296}.Debug|Any CPU.Build.0 = Debug|Any CPU
		{83CF851D-BF1D-43F7-88E4-84D0FCCD2296}.Release|Any CPU.ActiveCfg = Release|Any CPU
		{83CF851D-BF1D-43F7-88E4-84D0FCCD2296}.Release|Any CPU.Build.0 = Release|Any CPU
		{3885A9C7-E241-42CD-9D02-6943BCDF4A27}.Debug|Any CPU.ActiveCfg = Debug|Any CPU
		{3885A9C7-E241-42CD-9D02-6943BCDF4A27}.Debug|Any CPU.Build.0 = Debug|Any CPU
		{3885A9C7-E241-42CD-9D02-6943BCDF4A27}.Release|Any CPU.ActiveCfg = Release|Any CPU
		{3885A9C7-E241-42CD-9D02-6943BCDF4A27}.Release|Any CPU.Build.0 = Release|Any CPU
		{8DFB48BE-9BFD-4348-BEAA-ABE89D62F3FF}.Debug|Any CPU.ActiveCfg = Debug|Any CPU
		{8DFB48BE-9BFD-4348-BEAA-ABE89D62F3FF}.Debug|Any CPU.Build.0 = Debug|Any CPU
		{8DFB48BE-9BFD-4348-BEAA-ABE89D62F3FF}.Release|Any CPU.ActiveCfg = Release|Any CPU
		{8DFB48BE-9BFD-4348-BEAA-ABE89D62F3FF}.Release|Any CPU.Build.0 = Release|Any CPU
		{4EDDD0BC-154C-44B3-97CC-05CC28AF2C30}.Debug|Any CPU.ActiveCfg = Debug|Any CPU
		{4EDDD0BC-154C-44B3-97CC-05CC28AF2C30}.Debug|Any CPU.Build.0 = Debug|Any CPU
		{4EDDD0BC-154C-44B3-97CC-05CC28AF2C30}.Release|Any CPU.ActiveCfg = Release|Any CPU
		{4EDDD0BC-154C-44B3-97CC-05CC28AF2C30}.Release|Any CPU.Build.0 = Release|Any CPU
		{486D4659-7DF7-42B8-8950-42CB7C587D58}.Debug|Any CPU.ActiveCfg = Debug|Any CPU
		{486D4659-7DF7-42B8-8950-42CB7C587D58}.Debug|Any CPU.Build.0 = Debug|Any CPU
		{486D4659-7DF7-42B8-8950-42CB7C587D58}.Release|Any CPU.ActiveCfg = Release|Any CPU
		{486D4659-7DF7-42B8-8950-42CB7C587D58}.Release|Any CPU.Build.0 = Release|Any CPU
		{12164266-06B9-478E-BA1C-097E8497E11E}.Debug|Any CPU.ActiveCfg = Debug|Any CPU
		{12164266-06B9-478E-BA1C-097E8497E11E}.Debug|Any CPU.Build.0 = Debug|Any CPU
		{12164266-06B9-478E-BA1C-097E8497E11E}.Release|Any CPU.ActiveCfg = Release|Any CPU
		{12164266-06B9-478E-BA1C-097E8497E11E}.Release|Any CPU.Build.0 = Release|Any CPU
		{BC014997-1D4F-4781-9B7D-1C3245A97578}.Debug|Any CPU.ActiveCfg = Debug|Any CPU
		{BC014997-1D4F-4781-9B7D-1C3245A97578}.Debug|Any CPU.Build.0 = Debug|Any CPU
		{BC014997-1D4F-4781-9B7D-1C3245A97578}.Release|Any CPU.ActiveCfg = Release|Any CPU
		{BC014997-1D4F-4781-9B7D-1C3245A97578}.Release|Any CPU.Build.0 = Release|Any CPU
		{CCBE1D14-F8C3-4E63-B20B-82E4314DA00E}.Debug|Any CPU.ActiveCfg = Debug|Any CPU
		{CCBE1D14-F8C3-4E63-B20B-82E4314DA00E}.Debug|Any CPU.Build.0 = Debug|Any CPU
		{CCBE1D14-F8C3-4E63-B20B-82E4314DA00E}.Release|Any CPU.ActiveCfg = Release|Any CPU
		{CCBE1D14-F8C3-4E63-B20B-82E4314DA00E}.Release|Any CPU.Build.0 = Release|Any CPU
		{0ABA0F7C-B89B-42E2-805E-155E72DE2D4E}.Debug|Any CPU.ActiveCfg = Debug|Any CPU
		{0ABA0F7C-B89B-42E2-805E-155E72DE2D4E}.Debug|Any CPU.Build.0 = Debug|Any CPU
		{0ABA0F7C-B89B-42E2-805E-155E72DE2D4E}.Release|Any CPU.ActiveCfg = Release|Any CPU
		{0ABA0F7C-B89B-42E2-805E-155E72DE2D4E}.Release|Any CPU.Build.0 = Release|Any CPU
		{F313761B-7B82-48D6-BD16-1984A8B35127}.Debug|Any CPU.ActiveCfg = Debug|Any CPU
		{F313761B-7B82-48D6-BD16-1984A8B35127}.Debug|Any CPU.Build.0 = Debug|Any CPU
		{F313761B-7B82-48D6-BD16-1984A8B35127}.Release|Any CPU.ActiveCfg = Release|Any CPU
		{F313761B-7B82-48D6-BD16-1984A8B35127}.Release|Any CPU.Build.0 = Release|Any CPU
		{EF2642AD-EB85-442D-99C6-248921FEDDD9}.Debug|Any CPU.ActiveCfg = Debug|Any CPU
		{EF2642AD-EB85-442D-99C6-248921FEDDD9}.Debug|Any CPU.Build.0 = Debug|Any CPU
		{EF2642AD-EB85-442D-99C6-248921FEDDD9}.Release|Any CPU.ActiveCfg = Release|Any CPU
		{EF2642AD-EB85-442D-99C6-248921FEDDD9}.Release|Any CPU.Build.0 = Release|Any CPU
		{46582BD1-3F50-4F25-85F5-CC9887CBA347}.Debug|Any CPU.ActiveCfg = Debug|Any CPU
		{46582BD1-3F50-4F25-85F5-CC9887CBA347}.Debug|Any CPU.Build.0 = Debug|Any CPU
		{46582BD1-3F50-4F25-85F5-CC9887CBA347}.Release|Any CPU.ActiveCfg = Release|Any CPU
		{46582BD1-3F50-4F25-85F5-CC9887CBA347}.Release|Any CPU.Build.0 = Release|Any CPU
		{E1C22015-BB66-4DE3-9B4C-9C105579FB4E}.Debug|Any CPU.ActiveCfg = Debug|Any CPU
		{E1C22015-BB66-4DE3-9B4C-9C105579FB4E}.Debug|Any CPU.Build.0 = Debug|Any CPU
		{E1C22015-BB66-4DE3-9B4C-9C105579FB4E}.Release|Any CPU.ActiveCfg = Release|Any CPU
		{E1C22015-BB66-4DE3-9B4C-9C105579FB4E}.Release|Any CPU.Build.0 = Release|Any CPU
		{2BB4FC46-5B09-49BD-B8D0-B55DD726829E}.Debug|Any CPU.ActiveCfg = Debug|Any CPU
		{2BB4FC46-5B09-49BD-B8D0-B55DD726829E}.Debug|Any CPU.Build.0 = Debug|Any CPU
		{2BB4FC46-5B09-49BD-B8D0-B55DD726829E}.Release|Any CPU.ActiveCfg = Release|Any CPU
		{2BB4FC46-5B09-49BD-B8D0-B55DD726829E}.Release|Any CPU.Build.0 = Release|Any CPU
		{87F171EE-4729-438E-8E7F-B8D5DE86CEF1}.Debug|Any CPU.ActiveCfg = Debug|Any CPU
		{87F171EE-4729-438E-8E7F-B8D5DE86CEF1}.Debug|Any CPU.Build.0 = Debug|Any CPU
		{87F171EE-4729-438E-8E7F-B8D5DE86CEF1}.Release|Any CPU.ActiveCfg = Release|Any CPU
		{87F171EE-4729-438E-8E7F-B8D5DE86CEF1}.Release|Any CPU.Build.0 = Release|Any CPU
		{7B99C6DC-8217-4725-8C26-2DC84C9BB88D}.Debug|Any CPU.ActiveCfg = Debug|Any CPU
		{7B99C6DC-8217-4725-8C26-2DC84C9BB88D}.Debug|Any CPU.Build.0 = Debug|Any CPU
		{7B99C6DC-8217-4725-8C26-2DC84C9BB88D}.Release|Any CPU.ActiveCfg = Release|Any CPU
		{7B99C6DC-8217-4725-8C26-2DC84C9BB88D}.Release|Any CPU.Build.0 = Release|Any CPU
		{35CD6E1F-5910-4523-8F28-E99D80BE9265}.Debug|Any CPU.ActiveCfg = Debug|Any CPU
		{35CD6E1F-5910-4523-8F28-E99D80BE9265}.Debug|Any CPU.Build.0 = Debug|Any CPU
		{35CD6E1F-5910-4523-8F28-E99D80BE9265}.Release|Any CPU.ActiveCfg = Release|Any CPU
		{35CD6E1F-5910-4523-8F28-E99D80BE9265}.Release|Any CPU.Build.0 = Release|Any CPU
		{090486B7-CAD4-4903-A9C9-CCE7BCD3C594}.Debug|Any CPU.ActiveCfg = Debug|Any CPU
		{090486B7-CAD4-4903-A9C9-CCE7BCD3C594}.Debug|Any CPU.Build.0 = Debug|Any CPU
		{090486B7-CAD4-4903-A9C9-CCE7BCD3C594}.Release|Any CPU.ActiveCfg = Release|Any CPU
		{090486B7-CAD4-4903-A9C9-CCE7BCD3C594}.Release|Any CPU.Build.0 = Release|Any CPU
		{05A6D591-4976-4E59-80E1-4A7A7A077E80}.Debug|Any CPU.ActiveCfg = Debug|Any CPU
		{05A6D591-4976-4E59-80E1-4A7A7A077E80}.Debug|Any CPU.Build.0 = Debug|Any CPU
		{05A6D591-4976-4E59-80E1-4A7A7A077E80}.Release|Any CPU.ActiveCfg = Release|Any CPU
		{05A6D591-4976-4E59-80E1-4A7A7A077E80}.Release|Any CPU.Build.0 = Release|Any CPU
		{9AEDF402-2B53-419C-959F-79B34A82233D}.Debug|Any CPU.ActiveCfg = Debug|Any CPU
		{9AEDF402-2B53-419C-959F-79B34A82233D}.Debug|Any CPU.Build.0 = Debug|Any CPU
		{9AEDF402-2B53-419C-959F-79B34A82233D}.Release|Any CPU.ActiveCfg = Release|Any CPU
		{9AEDF402-2B53-419C-959F-79B34A82233D}.Release|Any CPU.Build.0 = Release|Any CPU
		{B15134A6-5551-447B-908A-DAC91A462C76}.Debug|Any CPU.ActiveCfg = Debug|Any CPU
		{B15134A6-5551-447B-908A-DAC91A462C76}.Debug|Any CPU.Build.0 = Debug|Any CPU
		{B15134A6-5551-447B-908A-DAC91A462C76}.Release|Any CPU.ActiveCfg = Release|Any CPU
		{B15134A6-5551-447B-908A-DAC91A462C76}.Release|Any CPU.Build.0 = Release|Any CPU
		{8FC80DC1-62AD-4011-95B5-6AE2AFEC2CDE}.Debug|Any CPU.ActiveCfg = Debug|Any CPU
		{8FC80DC1-62AD-4011-95B5-6AE2AFEC2CDE}.Debug|Any CPU.Build.0 = Debug|Any CPU
		{8FC80DC1-62AD-4011-95B5-6AE2AFEC2CDE}.Release|Any CPU.ActiveCfg = Release|Any CPU
		{8FC80DC1-62AD-4011-95B5-6AE2AFEC2CDE}.Release|Any CPU.Build.0 = Release|Any CPU
		{9DD78ABD-A4C5-4E19-AF0A-C7BDD751DDD9}.Debug|Any CPU.ActiveCfg = Debug|Any CPU
		{9DD78ABD-A4C5-4E19-AF0A-C7BDD751DDD9}.Debug|Any CPU.Build.0 = Debug|Any CPU
		{9DD78ABD-A4C5-4E19-AF0A-C7BDD751DDD9}.Release|Any CPU.ActiveCfg = Release|Any CPU
		{9DD78ABD-A4C5-4E19-AF0A-C7BDD751DDD9}.Release|Any CPU.Build.0 = Release|Any CPU
		{C090A1DD-6221-42F2-AB6B-EFC05F1B2FAD}.Debug|Any CPU.ActiveCfg = Debug|Any CPU
		{C090A1DD-6221-42F2-AB6B-EFC05F1B2FAD}.Debug|Any CPU.Build.0 = Debug|Any CPU
		{C090A1DD-6221-42F2-AB6B-EFC05F1B2FAD}.Release|Any CPU.ActiveCfg = Release|Any CPU
		{C090A1DD-6221-42F2-AB6B-EFC05F1B2FAD}.Release|Any CPU.Build.0 = Release|Any CPU
		{8A41E896-BFB1-41DF-B381-76EBA3B26F4B}.Debug|Any CPU.ActiveCfg = Debug|Any CPU
		{8A41E896-BFB1-41DF-B381-76EBA3B26F4B}.Debug|Any CPU.Build.0 = Debug|Any CPU
		{8A41E896-BFB1-41DF-B381-76EBA3B26F4B}.Release|Any CPU.ActiveCfg = Release|Any CPU
		{8A41E896-BFB1-41DF-B381-76EBA3B26F4B}.Release|Any CPU.Build.0 = Release|Any CPU
		{97202903-1443-471E-B9C2-97386BEF4BD3}.Debug|Any CPU.ActiveCfg = Debug|Any CPU
		{97202903-1443-471E-B9C2-97386BEF4BD3}.Debug|Any CPU.Build.0 = Debug|Any CPU
		{97202903-1443-471E-B9C2-97386BEF4BD3}.Release|Any CPU.ActiveCfg = Release|Any CPU
		{97202903-1443-471E-B9C2-97386BEF4BD3}.Release|Any CPU.Build.0 = Release|Any CPU
		{96A14458-4CD7-417C-9168-B4ECA5E21605}.Debug|Any CPU.ActiveCfg = Debug|Any CPU
		{96A14458-4CD7-417C-9168-B4ECA5E21605}.Debug|Any CPU.Build.0 = Debug|Any CPU
		{96A14458-4CD7-417C-9168-B4ECA5E21605}.Release|Any CPU.ActiveCfg = Release|Any CPU
		{96A14458-4CD7-417C-9168-B4ECA5E21605}.Release|Any CPU.Build.0 = Release|Any CPU
		{2FB994AD-2E20-4D06-8726-B93EC72CAB34}.Debug|Any CPU.ActiveCfg = Debug|Any CPU
		{2FB994AD-2E20-4D06-8726-B93EC72CAB34}.Debug|Any CPU.Build.0 = Debug|Any CPU
		{2FB994AD-2E20-4D06-8726-B93EC72CAB34}.Release|Any CPU.ActiveCfg = Release|Any CPU
		{2FB994AD-2E20-4D06-8726-B93EC72CAB34}.Release|Any CPU.Build.0 = Release|Any CPU
		{EDCF3BAE-0DEB-440B-A9CD-C115D3BF7BBC}.Debug|Any CPU.ActiveCfg = Debug|Any CPU
		{EDCF3BAE-0DEB-440B-A9CD-C115D3BF7BBC}.Debug|Any CPU.Build.0 = Debug|Any CPU
		{EDCF3BAE-0DEB-440B-A9CD-C115D3BF7BBC}.Release|Any CPU.ActiveCfg = Release|Any CPU
		{EDCF3BAE-0DEB-440B-A9CD-C115D3BF7BBC}.Release|Any CPU.Build.0 = Release|Any CPU
		{17BAEF59-AFE1-4B51-9AA9-D1B542641AD2}.Debug|Any CPU.ActiveCfg = Debug|Any CPU
		{17BAEF59-AFE1-4B51-9AA9-D1B542641AD2}.Debug|Any CPU.Build.0 = Debug|Any CPU
		{17BAEF59-AFE1-4B51-9AA9-D1B542641AD2}.Release|Any CPU.ActiveCfg = Release|Any CPU
		{17BAEF59-AFE1-4B51-9AA9-D1B542641AD2}.Release|Any CPU.Build.0 = Release|Any CPU
		{5AD40C17-0F35-49F5-820E-7C857202DCD9}.Debug|Any CPU.ActiveCfg = Debug|Any CPU
		{5AD40C17-0F35-49F5-820E-7C857202DCD9}.Debug|Any CPU.Build.0 = Debug|Any CPU
		{5AD40C17-0F35-49F5-820E-7C857202DCD9}.Release|Any CPU.ActiveCfg = Release|Any CPU
		{5AD40C17-0F35-49F5-820E-7C857202DCD9}.Release|Any CPU.Build.0 = Release|Any CPU
		{6DBECD00-48CB-41D9-8D8D-1EB904C3825E}.Debug|Any CPU.ActiveCfg = Debug|Any CPU
		{6DBECD00-48CB-41D9-8D8D-1EB904C3825E}.Debug|Any CPU.Build.0 = Debug|Any CPU
		{6DBECD00-48CB-41D9-8D8D-1EB904C3825E}.Release|Any CPU.ActiveCfg = Release|Any CPU
		{6DBECD00-48CB-41D9-8D8D-1EB904C3825E}.Release|Any CPU.Build.0 = Release|Any CPU
		{1A8B4665-107C-4BA2-A522-C90E57E7A6E0}.Debug|Any CPU.ActiveCfg = Debug|Any CPU
		{1A8B4665-107C-4BA2-A522-C90E57E7A6E0}.Debug|Any CPU.Build.0 = Debug|Any CPU
		{1A8B4665-107C-4BA2-A522-C90E57E7A6E0}.Release|Any CPU.ActiveCfg = Release|Any CPU
		{1A8B4665-107C-4BA2-A522-C90E57E7A6E0}.Release|Any CPU.Build.0 = Release|Any CPU
		{658B139B-06FB-4D0A-A9B5-FC1D8ABFA315}.Debug|Any CPU.ActiveCfg = Debug|Any CPU
		{658B139B-06FB-4D0A-A9B5-FC1D8ABFA315}.Debug|Any CPU.Build.0 = Debug|Any CPU
		{658B139B-06FB-4D0A-A9B5-FC1D8ABFA315}.Release|Any CPU.ActiveCfg = Release|Any CPU
		{658B139B-06FB-4D0A-A9B5-FC1D8ABFA315}.Release|Any CPU.Build.0 = Release|Any CPU
		{71619B7A-8346-4D86-9F32-7769F8A7AA2A}.Debug|Any CPU.ActiveCfg = Debug|Any CPU
		{71619B7A-8346-4D86-9F32-7769F8A7AA2A}.Debug|Any CPU.Build.0 = Debug|Any CPU
		{71619B7A-8346-4D86-9F32-7769F8A7AA2A}.Release|Any CPU.ActiveCfg = Release|Any CPU
		{71619B7A-8346-4D86-9F32-7769F8A7AA2A}.Release|Any CPU.Build.0 = Release|Any CPU
		{69EF6EE5-3213-43F1-BDFE-39E160969467}.Debug|Any CPU.ActiveCfg = Debug|Any CPU
		{69EF6EE5-3213-43F1-BDFE-39E160969467}.Debug|Any CPU.Build.0 = Debug|Any CPU
		{69EF6EE5-3213-43F1-BDFE-39E160969467}.Release|Any CPU.ActiveCfg = Release|Any CPU
		{69EF6EE5-3213-43F1-BDFE-39E160969467}.Release|Any CPU.Build.0 = Release|Any CPU
		{6924414D-FBE0-48FB-A3B2-F651D2B1F769}.Debug|Any CPU.ActiveCfg = Debug|Any CPU
		{6924414D-FBE0-48FB-A3B2-F651D2B1F769}.Debug|Any CPU.Build.0 = Debug|Any CPU
		{6924414D-FBE0-48FB-A3B2-F651D2B1F769}.Release|Any CPU.ActiveCfg = Release|Any CPU
		{6924414D-FBE0-48FB-A3B2-F651D2B1F769}.Release|Any CPU.Build.0 = Release|Any CPU
	EndGlobalSection
	GlobalSection(SolutionProperties) = preSolution
		HideSolutionNode = FALSE
	EndGlobalSection
	GlobalSection(NestedProjects) = preSolution
		{4F53A2B8-8EEE-421C-A1F4-C5AC31185770} = {E56BAFE4-F1CC-4CF5-B3C5-A50EE070AF05}
		{83CF851D-BF1D-43F7-88E4-84D0FCCD2296} = {AA20B851-89AF-4E05-902F-E02A7145C9F0}
		{3885A9C7-E241-42CD-9D02-6943BCDF4A27} = {E56BAFE4-F1CC-4CF5-B3C5-A50EE070AF05}
		{8DFB48BE-9BFD-4348-BEAA-ABE89D62F3FF} = {AA20B851-89AF-4E05-902F-E02A7145C9F0}
		{4EDDD0BC-154C-44B3-97CC-05CC28AF2C30} = {AA20B851-89AF-4E05-902F-E02A7145C9F0}
		{486D4659-7DF7-42B8-8950-42CB7C587D58} = {AA20B851-89AF-4E05-902F-E02A7145C9F0}
		{12164266-06B9-478E-BA1C-097E8497E11E} = {AA20B851-89AF-4E05-902F-E02A7145C9F0}
		{BC014997-1D4F-4781-9B7D-1C3245A97578} = {AA20B851-89AF-4E05-902F-E02A7145C9F0}
		{CCBE1D14-F8C3-4E63-B20B-82E4314DA00E} = {AA20B851-89AF-4E05-902F-E02A7145C9F0}
		{0ABA0F7C-B89B-42E2-805E-155E72DE2D4E} = {AA20B851-89AF-4E05-902F-E02A7145C9F0}
		{F313761B-7B82-48D6-BD16-1984A8B35127} = {AA20B851-89AF-4E05-902F-E02A7145C9F0}
		{EF2642AD-EB85-442D-99C6-248921FEDDD9} = {AA20B851-89AF-4E05-902F-E02A7145C9F0}
		{46582BD1-3F50-4F25-85F5-CC9887CBA347} = {F78BB938-8EE2-4E89-ABB9-55FA159CAC6A}
		{E1C22015-BB66-4DE3-9B4C-9C105579FB4E} = {F78BB938-8EE2-4E89-ABB9-55FA159CAC6A}
		{F78BB938-8EE2-4E89-ABB9-55FA159CAC6A} = {AA20B851-89AF-4E05-902F-E02A7145C9F0}
		{2BB4FC46-5B09-49BD-B8D0-B55DD726829E} = {F78BB938-8EE2-4E89-ABB9-55FA159CAC6A}
		{87F171EE-4729-438E-8E7F-B8D5DE86CEF1} = {F78BB938-8EE2-4E89-ABB9-55FA159CAC6A}
		{7B99C6DC-8217-4725-8C26-2DC84C9BB88D} = {F78BB938-8EE2-4E89-ABB9-55FA159CAC6A}
		{35CD6E1F-5910-4523-8F28-E99D80BE9265} = {AA20B851-89AF-4E05-902F-E02A7145C9F0}
		{090486B7-CAD4-4903-A9C9-CCE7BCD3C594} = {AA20B851-89AF-4E05-902F-E02A7145C9F0}
		{B2FE4574-4881-4FF9-B89F-BEAFC94D57A3} = {AA20B851-89AF-4E05-902F-E02A7145C9F0}
		{05A6D591-4976-4E59-80E1-4A7A7A077E80} = {B2FE4574-4881-4FF9-B89F-BEAFC94D57A3}
		{9AEDF402-2B53-419C-959F-79B34A82233D} = {B2FE4574-4881-4FF9-B89F-BEAFC94D57A3}
		{B15134A6-5551-447B-908A-DAC91A462C76} = {B2FE4574-4881-4FF9-B89F-BEAFC94D57A3}
		{8FC80DC1-62AD-4011-95B5-6AE2AFEC2CDE} = {AA20B851-89AF-4E05-902F-E02A7145C9F0}
		{9DD78ABD-A4C5-4E19-AF0A-C7BDD751DDD9} = {AA20B851-89AF-4E05-902F-E02A7145C9F0}
		{C090A1DD-6221-42F2-AB6B-EFC05F1B2FAD} = {AA20B851-89AF-4E05-902F-E02A7145C9F0}
		{8A41E896-BFB1-41DF-B381-76EBA3B26F4B} = {AA20B851-89AF-4E05-902F-E02A7145C9F0}
		{97202903-1443-471E-B9C2-97386BEF4BD3} = {AA20B851-89AF-4E05-902F-E02A7145C9F0}
		{96A14458-4CD7-417C-9168-B4ECA5E21605} = {E56BAFE4-F1CC-4CF5-B3C5-A50EE070AF05}
		{2FB994AD-2E20-4D06-8726-B93EC72CAB34} = {AA20B851-89AF-4E05-902F-E02A7145C9F0}
		{EDCF3BAE-0DEB-440B-A9CD-C115D3BF7BBC} = {E56BAFE4-F1CC-4CF5-B3C5-A50EE070AF05}
		{17BAEF59-AFE1-4B51-9AA9-D1B542641AD2} = {AA20B851-89AF-4E05-902F-E02A7145C9F0}
		{5AD40C17-0F35-49F5-820E-7C857202DCD9} = {E56BAFE4-F1CC-4CF5-B3C5-A50EE070AF05}
		{6DBECD00-48CB-41D9-8D8D-1EB904C3825E} = {E56BAFE4-F1CC-4CF5-B3C5-A50EE070AF05}
		{1A8B4665-107C-4BA2-A522-C90E57E7A6E0} = {E56BAFE4-F1CC-4CF5-B3C5-A50EE070AF05}
		{658B139B-06FB-4D0A-A9B5-FC1D8ABFA315} = {E56BAFE4-F1CC-4CF5-B3C5-A50EE070AF05}
		{71619B7A-8346-4D86-9F32-7769F8A7AA2A} = {E56BAFE4-F1CC-4CF5-B3C5-A50EE070AF05}
		{69EF6EE5-3213-43F1-BDFE-39E160969467} = {E56BAFE4-F1CC-4CF5-B3C5-A50EE070AF05}
		{6924414D-FBE0-48FB-A3B2-F651D2B1F769} = {E56BAFE4-F1CC-4CF5-B3C5-A50EE070AF05}
	EndGlobalSection
	GlobalSection(ExtensibilityGlobals) = postSolution
		SolutionGuid = {2EE9AA19-2931-42AD-B584-07C33F1FFB9F}
	EndGlobalSection
EndGlobal
